
Microsoft Visual Studio Solution File, Format Version 12.00
# Visual Studio 15
VisualStudioVersion = 15.0.27130.0
MinimumVisualStudioVersion = 10.0.40219.1
Project("{FAE04EC0-301F-11D3-BF4B-00C04F79EFBC}") = "WebOdev", "WebOdev\WebOdev.csproj", "{0209708D-6077-43DF-99D3-4BB712387040}"
EndProject
Global
	GlobalSection(SolutionConfigurationPlatforms) = preSolution
		Debug|Any CPU = Debug|Any CPU
		Release|Any CPU = Release|Any CPU
	EndGlobalSection
	GlobalSection(ProjectConfigurationPlatforms) = postSolution
		{0209708D-6077-43DF-99D3-4BB712387040}.Debug|Any CPU.ActiveCfg = Debug|Any CPU
		{0209708D-6077-43DF-99D3-4BB712387040}.Debug|Any CPU.Build.0 = Debug|Any CPU
		{0209708D-6077-43DF-99D3-4BB712387040}.Release|Any CPU.ActiveCfg = Release|Any CPU
		{0209708D-6077-43DF-99D3-4BB712387040}.Release|Any CPU.Build.0 = Release|Any CPU
	EndGlobalSection
	GlobalSection(SolutionProperties) = preSolution
		HideSolutionNode = FALSE
	EndGlobalSection
	GlobalSection(ExtensibilityGlobals) = postSolution
		SolutionGuid = {657599F7-D4FE-4C47-A6EA-D330BA23D7A3}
	EndGlobalSection
EndGlobal
